
Microsoft Visual Studio Solution File, Format Version 12.00
# Visual Studio Version 17
VisualStudioVersion = 17.3.32819.101
MinimumVisualStudioVersion = 10.0.40219.1
Project("{888888A0-9F3D-457C-B088-3A5042F75D52}") = "Kapitel 10 uppgift 1", "Kapitel 10 uppgift 1\Kapitel 10 uppgift 1.pyproj", "{45374AD7-D2E0-4D10-9E6A-ED0CD198D72D}"
EndProject
Global
	GlobalSection(SolutionConfigurationPlatforms) = preSolution
		Debug|Any CPU = Debug|Any CPU
		Release|Any CPU = Release|Any CPU
	EndGlobalSection
	GlobalSection(ProjectConfigurationPlatforms) = postSolution
		{45374AD7-D2E0-4D10-9E6A-ED0CD198D72D}.Debug|Any CPU.ActiveCfg = Debug|Any CPU
		{45374AD7-D2E0-4D10-9E6A-ED0CD198D72D}.Release|Any CPU.ActiveCfg = Release|Any CPU
	EndGlobalSection
	GlobalSection(SolutionProperties) = preSolution
		HideSolutionNode = FALSE
	EndGlobalSection
	GlobalSection(ExtensibilityGlobals) = postSolution
		SolutionGuid = {FB2A8CAC-CE7A-4441-A688-2DB0BFE4ADC2}
	EndGlobalSection
EndGlobal
